
Microsoft Visual Studio Solution File, Format Version 12.00
# Visual Studio Version 17
VisualStudioVersion = 17.8.34511.84
MinimumVisualStudioVersion = 10.0.40219.1
Project("{FAE04EC0-301F-11D3-BF4B-00C04F79EFBC}") = "WhatsAppMeta", "WhatsAppMeta.csproj", "{996018DA-BF8F-4783-8BA6-FE23F7B3D2E2}"
EndProject
Global
	GlobalSection(SolutionConfigurationPlatforms) = preSolution
		Debug|Any CPU = Debug|Any CPU
		Release|Any CPU = Release|Any CPU
	EndGlobalSection
	GlobalSection(ProjectConfigurationPlatforms) = postSolution
		{996018DA-BF8F-4783-8BA6-FE23F7B3D2E2}.Debug|Any CPU.ActiveCfg = Debug|Any CPU
		{996018DA-BF8F-4783-8BA6-FE23F7B3D2E2}.Debug|Any CPU.Build.0 = Debug|Any CPU
		{996018DA-BF8F-4783-8BA6-FE23F7B3D2E2}.Release|Any CPU.ActiveCfg = Release|Any CPU
		{996018DA-BF8F-4783-8BA6-FE23F7B3D2E2}.Release|Any CPU.Build.0 = Release|Any CPU
	EndGlobalSection
	GlobalSection(SolutionProperties) = preSolution
		HideSolutionNode = FALSE
	EndGlobalSection
	GlobalSection(ExtensibilityGlobals) = postSolution
		SolutionGuid = {75A5D107-DAF1-4C4E-97CB-BB40B400BC68}
	EndGlobalSection
EndGlobal
